dependencies:
- name: redis
  repository: oci://registry-1.docker.io/bitnamicharts
  version: 25.3.0
- name: mongodb
  repository: oci://registry-1.docker.io/bitnamicharts
  version: 15.1.7
digest: sha256:18b4bc8ba65343db55413cab58305051fb972ec17b8b026e088ac8ce4d2e42f3
generated: "2026-02-18T05:15:39.98535168Z"
