dependencies:
- name: redis
  repository: oci://registry-1.docker.io/bitnamicharts
  version: 28.0.15
- name: mongodb
  repository: oci://registry-1.docker.io/bitnamicharts
  version: 15.1.7
digest: sha256:6d71d4b7c6165670854c453a7b5f5d908fa2a8fbbd9e860cbf347117938701f4
generated: "2026-09-04T02:58:36.575593498Z"
