dependencies:
- name: redis
  repository: oci://registry-1.docker.io/bitnamicharts
  version: 20.13.4
- name: mongodb
  repository: oci://registry-1.docker.io/bitnamicharts
  version: 15.1.7
digest: sha256:be6207edef489ce2e4d8644d3d0242ab9a7d6089265332d85cef366f78ba1f86
generated: "2025-04-30T12:58:20.995084691Z"
